// !$*UTF8*$!
{
	archiveVersion = 1;
	classes = {
	};
	objectVersion = 50;
	objects = {

/* Begin PBXBuildFile section */
		5938A171217A48F900B77437 /* ListCoordinator.swift in Sources */ = {isa = PBXBuildFile; fileRef = 5938A170217A48F900B77437 /* ListCoordinator.swift */; };
		5938A173217A499B00B77437 /* BaseViewController.swift in Sources */ = {isa = PBXBuildFile; fileRef = 5938A172217A499B00B77437 /* BaseViewController.swift */; };
		5938A175217A4BF100B77437 /* BaseNavigationViewController.swift in Sources */ = {isa = PBXBuildFile; fileRef = 5938A174217A4BF100B77437 /* BaseNavigationViewController.swift */; };
		595047F22175499E00D43675 /* AppDelegate.swift in Sources */ = {isa = PBXBuildFile; fileRef = 595047F12175499E00D43675 /* AppDelegate.swift */; };
		595047F42175499E00D43675 /* ViewController.swift in Sources */ = {isa = PBXBuildFile; fileRef = 595047F32175499E00D43675 /* ViewController.swift */; };
		595047F72175499E00D43675 /* Main.storyboard in Resources */ = {isa = PBXBuildFile; fileRef = 595047F52175499E00D43675 /* Main.storyboard */; };
		595047F92175499F00D43675 /* Assets.xcassets in Resources */ = {isa = PBXBuildFile; fileRef = 595047F82175499F00D43675 /* Assets.xcassets */; };
		595047FC2175499F00D43675 /* LaunchScreen.storyboard in Resources */ = {isa = PBXBuildFile; fileRef = 595047FA2175499F00D43675 /* LaunchScreen.storyboard */; };
		595048042175536A00D43675 /* Coordinator.swift in Sources */ = {isa = PBXBuildFile; fileRef = 595048032175536A00D43675 /* Coordinator.swift */; };
		59504806217553C700D43675 /* AppCoordinator.swift in Sources */ = {isa = PBXBuildFile; fileRef = 59504805217553C700D43675 /* AppCoordinator.swift */; };
/* End PBXBuildFile section */

/* Begin PBXFileReference section */
		5938A170217A48F900B77437 /* ListCoordinator.swift */ = {isa = PBXFileReference; lastKnownFileType = sourcecode.swift; path = ListCoordinator.swift; sourceTree = "<group>"; };
		5938A172217A499B00B77437 /* BaseViewController.swift */ = {isa = PBXFileReference; lastKnownFileType = sourcecode.swift; path = BaseViewController.swift; sourceTree = "<group>"; };
		5938A174217A4BF100B77437 /* BaseNavigationViewController.swift */ = {isa = PBXFileReference; lastKnownFileType = sourcecode.swift; path = BaseNavigationViewController.swift; sourceTree = "<group>"; };
		595047EE2175499E00D43675 /* MVVM_Coordinators.app */ = {isa = PBXFileReference; explicitFileType = wrapper.application; includeInIndex = 0; path = MVVM_Coordinators.app; sourceTree = BUILT_PRODUCTS_DIR; };
		595047F12175499E00D43675 /* AppDelegate.swift */ = {isa = PBXFileReference; lastKnownFileType = sourcecode.swift; path = AppDelegate.swift; sourceTree = "<group>"; };
		595047F32175499E00D43675 /* ViewController.swift */ = {isa = PBXFileReference; lastKnownFileType = sourcecode.swift; path = ViewController.swift; sourceTree = "<group>"; };
		595047F62175499E00D43675 /* Base */ = {isa = PBXFileReference; lastKnownFileType = file.storyboard; name = Base; path = Base.lproj/Main.storyboard; sourceTree = "<group>"; };
		595047F82175499F00D43675 /* Assets.xcassets */ = {isa = PBXFileReference; lastKnownFileType = folder.assetcatalog; path = Assets.xcassets; sourceTree = "<group>"; };
		595047FB2175499F00D43675 /* Base */ = {isa = PBXFileReference; lastKnownFileType = file.storyboard; name = Base; path = Base.lproj/LaunchScreen.storyboard; sourceTree = "<group>"; };
		595047FD2175499F00D43675 /* Info.plist */ = {isa = PBXFileReference; lastKnownFileType = text.plist.xml; path = Info.plist; sourceTree = "<group>"; };
		595048032175536A00D43675 /* Coordinator.swift */ = {isa = PBXFileReference; lastKnownFileType = sourcecode.swift; path = Coordinator.swift; sourceTree = "<group>"; };
		59504805217553C700D43675 /* AppCoordinator.swift */ = {isa = PBXFileReference; lastKnownFileType = sourcecode.swift; path = AppCoordinator.swift; sourceTree = "<group>"; };
/* End PBXFileReference section */

/* Begin PBXFrameworksBuildPhase section */
		595047EB2175499E00D43675 /* Frameworks */ = {
			isa = PBXFrameworksBuildPhase;
			buildActionMask = 2147483647;
			files = (
			);
			runOnlyForDeploymentPostprocessing = 0;
		};
/* End PBXFrameworksBuildPhase section */

/* Begin PBXGroup section */
		5938A176217A4C2700B77437 /* Common */ = {
			isa = PBXGroup;
			children = (
				5938A17A217A4C7C00B77437 /* Coordinators */,
				5938A179217A4C7000B77437 /* Bases */,
				595047F12175499E00D43675 /* AppDelegate.swift */,
			);
			path = Common;
			sourceTree = "<group>";
		};
		5938A178217A4C5F00B77437 /* Splash */ = {
			isa = PBXGroup;
			children = (
				595047FA2175499F00D43675 /* LaunchScreen.storyboard */,
			);
			path = Splash;
			sourceTree = "<group>";
		};
		5938A179217A4C7000B77437 /* Bases */ = {
			isa = PBXGroup;
			children = (
				5938A172217A499B00B77437 /* BaseViewController.swift */,
				5938A174217A4BF100B77437 /* BaseNavigationViewController.swift */,
			);
			path = Bases;
			sourceTree = "<group>";
		};
		5938A17A217A4C7C00B77437 /* Coordinators */ = {
			isa = PBXGroup;
			children = (
				595048032175536A00D43675 /* Coordinator.swift */,
				59504805217553C700D43675 /* AppCoordinator.swift */,
			);
			path = Coordinators;
			sourceTree = "<group>";
		};
		595047E52175499E00D43675 = {
			isa = PBXGroup;
			children = (
				595047F02175499E00D43675 /* MVVM_Coordinators */,
				595047EF2175499E00D43675 /* Products */,
			);
			sourceTree = "<group>";
		};
		595047EF2175499E00D43675 /* Products */ = {
			isa = PBXGroup;
			children = (
				595047EE2175499E00D43675 /* MVVM_Coordinators.app */,
			);
			name = Products;
			sourceTree = "<group>";
		};
		595047F02175499E00D43675 /* MVVM_Coordinators */ = {
			isa = PBXGroup;
			children = (
				5938A178217A4C5F00B77437 /* Splash */,
				5938A176217A4C2700B77437 /* Common */,
				595048072175545A00D43675 /* Scenes */,
				595047F82175499F00D43675 /* Assets.xcassets */,
				595047FD2175499F00D43675 /* Info.plist */,
			);
			path = MVVM_Coordinators;
			sourceTree = "<group>";
		};
		595048072175545A00D43675 /* Scenes */ = {
			isa = PBXGroup;
			children = (
				595048082175548700D43675 /* List */,
			);
			path = Scenes;
			sourceTree = "<group>";
		};
		595048082175548700D43675 /* List */ = {
			isa = PBXGroup;
			children = (
				595047F52175499E00D43675 /* Main.storyboard */,
				595047F32175499E00D43675 /* ViewController.swift */,
				5938A170217A48F900B77437 /* ListCoordinator.swift */,
			);
			path = List;
			sourceTree = "<group>";
		};
/* End PBXGroup section */

/* Begin PBXNativeTarget section */
		595047ED2175499E00D43675 /* MVVM_Coordinators */ = {
			isa = PBXNativeTarget;
			buildConfigurationList = 595048002175499F00D43675 /* Build configuration list for PBXNativeTarget "MVVM_Coordinators" */;
			buildPhases = (
				595047EA2175499E00D43675 /* Sources */,
				595047EB2175499E00D43675 /* Frameworks */,
				595047EC2175499E00D43675 /* Resources */,
			);
			buildRules = (
			);
			dependencies = (
			);
			name = MVVM_Coordinators;
			productName = MVVM_Coordinators;
			productReference = 595047EE2175499E00D43675 /* MVVM_Coordinators.app */;
			productType = "com.apple.product-type.application";
		};
/* End PBXNativeTarget section */

/* Begin PBXProject section */
		595047E62175499E00D43675 /* Project object */ = {
			isa = PBXProject;
			attributes = {
				LastSwiftUpdateCheck = 1000;
				LastUpgradeCheck = 1000;
				ORGANIZATIONNAME = "Lucas Valle";
				TargetAttributes = {
					595047ED2175499E00D43675 = {
						CreatedOnToolsVersion = 10.0;
					};
				};
			};
			buildConfigurationList = 595047E92175499E00D43675 /* Build configuration list for PBXProject "MVVM_Coordinators" */;
			compatibilityVersion = "Xcode 9.3";
			developmentRegion = en;
			hasScannedForEncodings = 0;
			knownRegions = (
				en,
				Base,
			);
			mainGroup = 595047E52175499E00D43675;
			productRefGroup = 595047EF2175499E00D43675 /* Products */;
			projectDirPath = "";
			projectRoot = "";
			targets = (
				595047ED2175499E00D43675 /* MVVM_Coordinators */,
			);
		};
/* End PBXProject section */

/* Begin PBXResourcesBuildPhase section */
		595047EC2175499E00D43675 /* Resources */ = {
			isa = PBXResourcesBuildPhase;
			buildActionMask = 2147483647;
			files = (
				595047FC2175499F00D43675 /* LaunchScreen.storyboard in Resources */,
				595047F92175499F00D43675 /* Assets.xcassets in Resources */,
				595047F72175499E00D43675 /* Main.storyboard in Resources */,
			);
			runOnlyForDeploymentPostprocessing = 0;
		};
/* End PBXResourcesBuildPhase section */

/* Begin PBXSourcesBuildPhase section */
		595047EA2175499E00D43675 /* Sources */ = {
			isa = PBXSourcesBuildPhase;
			buildActionMask = 2147483647;
			files = (
				59504806217553C700D43675 /* AppCoordinator.swift in Sources */,
				595047F42175499E00D43675 /* ViewController.swift in Sources */,
				595047F22175499E00D43675 /* AppDelegate.swift in Sources */,
				5938A171217A48F900B77437 /* ListCoordinator.swift in Sources */,
				595048042175536A00D43675 /* Coordinator.swift in Sources */,
				5938A175217A4BF100B77437 /* BaseNavigationViewController.swift in Sources */,
				5938A173217A499B00B77437 /* BaseViewController.swift in Sources */,
			);
			runOnlyForDeploymentPostprocessing = 0;
		};
/* End PBXSourcesBuildPhase section */

/* Begin PBXVariantGroup section */
		595047F52175499E00D43675 /* Main.storyboard */ = {
			isa = PBXVariantGroup;
			children = (
				595047F62175499E00D43675 /* Base */,
			);
			name = Main.storyboard;
			sourceTree = "<group>";
		};
		595047FA2175499F00D43675 /* LaunchScreen.storyboard */ = {
			isa = PBXVariantGroup;
			children = (
				595047FB2175499F00D43675 /* Base */,
			);
			name = LaunchScreen.storyboard;
			sourceTree = "<group>";
		};
/* End PBXVariantGroup section */

/* Begin XCBuildConfiguration section */
		595047FE2175499F00D43675 /* Debug */ = {
			isa = XCBuildConfiguration;
			buildSettings = {
				ALWAYS_SEARCH_USER_PATHS = NO;
				CLANG_ANALYZER_NONNULL = YES;
				CLANG_ANALYZER_NUMBER_OBJECT_CONVERSION = YES_AGGRESSIVE;
				CLANG_CXX_LANGUAGE_STANDARD = "gnu++14";
				CLANG_CXX_LIBRARY = "libc++";
				CLANG_ENABLE_MODULES = YES;
				CLANG_ENABLE_OBJC_ARC = YES;
				CLANG_ENABLE_OBJC_WEAK = YES;
				CLANG_WARN_BLOCK_CAPTURE_AUTORELEASING = YES;
				CLANG_WARN_BOOL_CONVERSION = YES;
				CLANG_WARN_COMMA = YES;
				CLANG_WARN_CONSTANT_CONVERSION = YES;
				CLANG_WARN_DEPRECATED_OBJC_IMPLEMENTATIONS = YES;
				CLANG_WARN_DIRECT_OBJC_ISA_USAGE = YES_ERROR;
				CLANG_WARN_DOCUMENTATION_COMMENTS = YES;
				CLANG_WARN_EMPTY_BODY = YES;
				CLANG_WARN_ENUM_CONVERSION = YES;
				CLANG_WARN_INFINITE_RECURSION = YES;
				CLANG_WARN_INT_CONVERSION = YES;
				CLANG_WARN_NON_LITERAL_NULL_CONVERSION = YES;
				CLANG_WARN_OBJC_IMPLICIT_RETAIN_SELF = YES;
				CLANG_WARN_OBJC_LITERAL_CONVERSION = YES;
				CLANG_WARN_OBJC_ROOT_CLASS = YES_ERROR;
				CLANG_WARN_RANGE_LOOP_ANALYSIS = YES;
				CLANG_WARN_STRICT_PROTOTYPES = YES;
				CLANG_WARN_SUSPICIOUS_MOVE = YES;
				CLANG_WARN_UNGUARDED_AVAILABILITY = YES_AGGRESSIVE;
				CLANG_WARN_UNREACHABLE_CODE = YES;
				CLANG_WARN__DUPLICATE_METHOD_MATCH = YES;
				CODE_SIGN_IDENTITY = "iPhone Developer";
				COPY_PHASE_STRIP = NO;
				DEBUG_INFORMATION_FORMAT = dwarf;
				ENABLE_STRICT_OBJC_MSGSEND = YES;
				ENABLE_TESTABILITY = YES;
				GCC_C_LANGUAGE_STANDARD = gnu11;
				GCC_DYNAMIC_NO_PIC = NO;
				GCC_NO_COMMON_BLOCKS = YES;
				GCC_OPTIMIZATION_LEVEL = 0;
				GCC_PREPROCESSOR_DEFINITIONS = (
					"DEBUG=1",
					"$(inherited)",
				);
				GCC_WARN_64_TO_32_BIT_CONVERSION = YES;
				GCC_WARN_ABOUT_RETURN_TYPE = YES_ERROR;
				GCC_WARN_UNDECLARED_SELECTOR = YES;
				GCC_WARN_UNINITIALIZED_AUTOS = YES_AGGRESSIVE;
				GCC_WARN_UNUSED_FUNCTION = YES;
				GCC_WARN_UNUSED_VARIABLE = YES;
				IPHONEOS_DEPLOYMENT_TARGET = 12.0;
				MTL_ENABLE_DEBUG_INFO = INCLUDE_SOURCE;
				MTL_FAST_MATH = YES;
				ONLY_ACTIVE_ARCH = YES;
				SDKROOT = iphoneos;
				SWIFT_ACTIVE_COMPILATION_CONDITIONS = DEBUG;
				SWIFT_OPTIMIZATION_LEVEL = "-Onone";
			};
			name = Debug;
		};
		595047FF2175499F00D43675 /* Release */ = {
			isa = XCBuildConfiguration;
			buildSettings = {
				ALWAYS_SEARCH_USER_PATHS = NO;
				CLANG_ANALYZER_NONNULL = YES;
				CLANG_ANALYZER_NUMBER_OBJECT_CONVERSION = YES_AGGRESSIVE;
				CLANG_CXX_LANGUAGE_STANDARD = "gnu++14";
				CLANG_CXX_LIBRARY = "libc++";
				CLANG_ENABLE_MODULES = YES;
				CLANG_ENABLE_OBJC_ARC = YES;
				CLANG_ENABLE_OBJC_WEAK = YES;
				CLANG_WARN_BLOCK_CAPTURE_AUTORELEASING = YES;
				CLANG_WARN_BOOL_CONVERSION = YES;
				CLANG_WARN_COMMA = YES;
				CLANG_WARN_CONSTANT_CONVERSION = YES;
				CLANG_WARN_DEPRECATED_OBJC_IMPLEMENTATIONS = YES;
				CLANG_WARN_DIRECT_OBJC_ISA_USAGE = YES_ERROR;
				CLANG_WARN_DOCUMENTATION_COMMENTS = YES;
				CLANG_WARN_EMPTY_BODY = YES;
				CLANG_WARN_ENUM_CONVERSION = YES;
				CLANG_WARN_INFINITE_RECURSION = YES;
				CLANG_WARN_INT_CONVERSION = YES;
				CLANG_WARN_NON_LITERAL_NULL_CONVERSION = YES;
				CLANG_WARN_OBJC_IMPLICIT_RETAIN_SELF = YES;
				CLANG_WARN_OBJC_LITERAL_CONVERSION = YES;
				CLANG_WARN_OBJC_ROOT_CLASS = YES_ERROR;
				CLANG_WARN_RANGE_LOOP_ANALYSIS = YES;
				CLANG_WARN_STRICT_PROTOTYPES = YES;
				CLANG_WARN_SUSPICIOUS_MOVE = YES;
				CLANG_WARN_UNGUARDED_AVAILABILITY = YES_AGGRESSIVE;
				CLANG_WARN_UNREACHABLE_CODE = YES;
				CLANG_WARN__DUPLICATE_METHOD_MATCH = YES;
				CODE_SIGN_IDENTITY = "iPhone Developer";
				COPY_PHASE_STRIP = NO;
				DEBUG_INFORMATION_FORMAT = "dwarf-with-dsym";
				ENABLE_NS_ASSERTIONS = NO;
				ENABLE_STRICT_OBJC_MSGSEND = YES;
				GCC_C_LANGUAGE_STANDARD = gnu11;
				GCC_NO_COMMON_BLOCKS = YES;
				GCC_WARN_64_TO_32_BIT_CONVERSION = YES;
				GCC_WARN_ABOUT_RETURN_TYPE = YES_ERROR;
				GCC_WARN_UNDECLARED_SELECTOR = YES;
				GCC_WARN_UNINITIALIZED_AUTOS = YES_AGGRESSIVE;
				GCC_WARN_UNUSED_FUNCTION = YES;
				GCC_WARN_UNUSED_VARIABLE = YES;
				IPHONEOS_DEPLOYMENT_TARGET = 12.0;
				MTL_ENABLE_DEBUG_INFO = NO;
				MTL_FAST_MATH = YES;
				SDKROOT = iphoneos;
				SWIFT_COMPILATION_MODE = wholemodule;
				SWIFT_OPTIMIZATION_LEVEL = "-O";
				VALIDATE_PRODUCT = YES;
			};
			name = Release;
		};
		595048012175499F00D43675 /* Debug */ = {
			isa = XCBuildConfiguration;
			buildSettings = {
				ASSETCATALOG_COMPILER_APPICON_NAME = AppIcon;
				CODE_SIGN_STYLE = Automatic;
				DEVELOPMENT_TEAM = NM4QTJN8VU;
				INFOPLIST_FILE = MVVM_Coordinators/Info.plist;
				LD_RUNPATH_SEARCH_PATHS = (
					"$(inherited)",
					"@executable_path/Frameworks",
				);
				PRODUCT_BUNDLE_IDENTIFIER = "br.com.lgv.MVVM-Coordinators";
				PRODUCT_NAME = "$(TARGET_NAME)";
				SWIFT_VERSION = 4.2;
				TARGETED_DEVICE_FAMILY = "1,2";
			};
			name = Debug;
		};
		595048022175499F00D43675 /* Release */ = {
			isa = XCBuildConfiguration;
			buildSettings = {
				ASSETCATALOG_COMPILER_APPICON_NAME = AppIcon;
				CODE_SIGN_STYLE = Automatic;
				DEVELOPMENT_TEAM = NM4QTJN8VU;
				INFOPLIST_FILE = MVVM_Coordinators/Info.plist;
				LD_RUNPATH_SEARCH_PATHS = (
					"$(inherited)",
					"@executable_path/Frameworks",
				);
				PRODUCT_BUNDLE_IDENTIFIER = "br.com.lgv.MVVM-Coordinators";
				PRODUCT_NAME = "$(TARGET_NAME)";
				SWIFT_VERSION = 4.2;
				TARGETED_DEVICE_FAMILY = "1,2";
			};
			name = Release;
		};
/* End XCBuildConfiguration section */

/* Begin XCConfigurationList section */
		595047E92175499E00D43675 /* Build configuration list for PBXProject "MVVM_Coordinators" */ = {
			isa = XCConfigurationList;
			buildConfigurations = (
				595047FE2175499F00D43675 /* Debug */,
				595047FF2175499F00D43675 /* Release */,
			);
			defaultConfigurationIsVisible = 0;
			defaultConfigurationName = Release;
		};
		595048002175499F00D43675 /* Build configuration list for PBXNativeTarget "MVVM_Coordinators" */ = {
			isa = XCConfigurationList;
			buildConfigurations = (
				595048012175499F00D43675 /* Debug */,
				595048022175499F00D43675 /* Release */,
			);
			defaultConfigurationIsVisible = 0;
			defaultConfigurationName = Release;
		};
/* End XCConfigurationList section */
	};
	rootObject = 595047E62175499E00D43675 /* Project object */;
}
